{
  "version": 4,
  "terraform_version": "1.10.2",
  "serial": 1,
  "lineage": "862cc703-61d5-2f9b-0db3-e0000b0ed7de",
  "outputs": {},
  "resources": [
    {
      "module": "module.mymodule",
      "mode": "managed",
      "type": "azurerm_resource_group",
      "name": "myresourcegrp1",
      "provider": "module.mymodule.provider[\"registry.terraform.io/hashicorp/azurerm\"]",
      "instances": [
        {
          "schema_version": 0,
          "attributes": {
            "id": "/subscriptions/7d9e295e-de3c-4002-99df-dd572609cbb9/resourceGroups/ResourceGrp_1",
            "location": "eastus",
            "name": "ResourceGrp_1",
            "tags": null,
            "timeouts": null
          },
          "sensitive_attributes": [],
          "private": "eyJlMmJmYjczMC1lY2FhLTExZTYtOGY4OC0zNDM2M2JjN2M0YzAiOnsiY3JlYXRlIjo1NDAwMDAwMDAwMDAwLCJkZWxldGUiOjU0MDAwMDAwMDAwMDAsInJlYWQiOjMwMDAwMDAwMDAwMCwidXBkYXRlIjo1NDAwMDAwMDAwMDAwfX0="
        }
      ]
    }
  ],
  "check_results": null
}
